
Microsoft Visual Studio Solution File, Format Version 12.00
# Visual Studio Version 17
VisualStudioVersion = 17.5.002.0
MinimumVisualStudioVersion = 10.0.40219.1
Project("{9A19103F-16F7-4668-BE54-9A1E7A4F7556}") = "SentimentAnalysisApp", "SentimentAnalysisApp.csproj", "{EFD8F74C-A941-4FFD-B2B6-EDB66952829C}"
EndProject
Global
	GlobalSection(SolutionConfigurationPlatforms) = preSolution
		Debug|Any CPU = Debug|Any CPU
		Release|Any CPU = Release|Any CPU
	EndGlobalSection
	GlobalSection(ProjectConfigurationPlatforms) = postSolution
		{EFD8F74C-A941-4FFD-B2B6-EDB66952829C}.Debug|Any CPU.ActiveCfg = Debug|Any CPU
		{EFD8F74C-A941-4FFD-B2B6-EDB66952829C}.Debug|Any CPU.Build.0 = Debug|Any CPU
		{EFD8F74C-A941-4FFD-B2B6-EDB66952829C}.Release|Any CPU.ActiveCfg = Release|Any CPU
		{EFD8F74C-A941-4FFD-B2B6-EDB66952829C}.Release|Any CPU.Build.0 = Release|Any CPU
	EndGlobalSection
	GlobalSection(SolutionProperties) = preSolution
		HideSolutionNode = FALSE
	EndGlobalSection
	GlobalSection(ExtensibilityGlobals) = postSolution
		SolutionGuid = {8EC7C898-3D1B-4D57-A0D7-67096A67D1DA}
	EndGlobalSection
EndGlobal
